
Microsoft Visual Studio Solution File, Format Version 12.00
# Visual Studio Version 16
VisualStudioVersion = 16.0.30204.135
MinimumVisualStudioVersion = 10.0.40219.1
Project("{FAE04EC0-301F-11D3-BF4B-00C04F79EFBC}") = "Bluetooth.Chat", "Bluetooth.Chat.csproj", "{2F5AFAAB-E662-4825-B87E-5CC8D9641CC7}"
EndProject
Global
	GlobalSection(SolutionConfigurationPlatforms) = preSolution
		Debug|x86 = Debug|x86
		Release|x86 = Release|x86
	EndGlobalSection
	GlobalSection(ProjectConfigurationPlatforms) = postSolution
		{2F5AFAAB-E662-4825-B87E-5CC8D9641CC7}.Debug|x86.ActiveCfg = Debug|x86
		{2F5AFAAB-E662-4825-B87E-5CC8D9641CC7}.Debug|x86.Build.0 = Debug|x86
		{2F5AFAAB-E662-4825-B87E-5CC8D9641CC7}.Release|x86.ActiveCfg = Release|x86
		{2F5AFAAB-E662-4825-B87E-5CC8D9641CC7}.Release|x86.Build.0 = Release|x86
	EndGlobalSection
	GlobalSection(SolutionProperties) = preSolution
		HideSolutionNode = FALSE
	EndGlobalSection
	GlobalSection(ExtensibilityGlobals) = postSolution
		SolutionGuid = {1B4C41A1-303B-4E84-B9C4-1A9D197C0124}
	EndGlobalSection
EndGlobal
